
Microsoft Visual Studio Solution File, Format Version 12.00
Project("{FAE04EC0-301F-11D3-BF4B-00C04F79EFBC}") = "Extension", "src\Extension\Extension.csproj", "{31797966-5D15-4BD5-B557-614F41E77A6D}"
EndProject
Project("{FAE04EC0-301F-11D3-BF4B-00C04F79EFBC}") = "Extension.UnitTest", "tests\Extension.UnitTest\Extension.UnitTest.csproj", "{79403D1F-77BF-43C4-A917-7AD821B05EA0}"
EndProject
Project("{FAE04EC0-301F-11D3-BF4B-00C04F79EFBC}") = "Extension.Benchmark", "benchmark\Extension.Benchmark\Extension.Benchmark.csproj", "{F78EF664-7B3A-40BC-B9E6-AE6A8CA94B3E}"
EndProject
Global
	GlobalSection(SolutionConfigurationPlatforms) = preSolution
		Debug|Any CPU = Debug|Any CPU
		Release|Any CPU = Release|Any CPU
	EndGlobalSection
	GlobalSection(ProjectConfigurationPlatforms) = postSolution
		{31797966-5D15-4BD5-B557-614F41E77A6D}.Debug|Any CPU.ActiveCfg = Debug|Any CPU
		{31797966-5D15-4BD5-B557-614F41E77A6D}.Debug|Any CPU.Build.0 = Debug|Any CPU
		{31797966-5D15-4BD5-B557-614F41E77A6D}.Release|Any CPU.ActiveCfg = Release|Any CPU
		{31797966-5D15-4BD5-B557-614F41E77A6D}.Release|Any CPU.Build.0 = Release|Any CPU
		{79403D1F-77BF-43C4-A917-7AD821B05EA0}.Debug|Any CPU.ActiveCfg = Debug|Any CPU
		{79403D1F-77BF-43C4-A917-7AD821B05EA0}.Debug|Any CPU.Build.0 = Debug|Any CPU
		{79403D1F-77BF-43C4-A917-7AD821B05EA0}.Release|Any CPU.ActiveCfg = Release|Any CPU
		{79403D1F-77BF-43C4-A917-7AD821B05EA0}.Release|Any CPU.Build.0 = Release|Any CPU
		{F78EF664-7B3A-40BC-B9E6-AE6A8CA94B3E}.Debug|Any CPU.ActiveCfg = Debug|Any CPU
		{F78EF664-7B3A-40BC-B9E6-AE6A8CA94B3E}.Debug|Any CPU.Build.0 = Debug|Any CPU
		{F78EF664-7B3A-40BC-B9E6-AE6A8CA94B3E}.Release|Any CPU.ActiveCfg = Release|Any CPU
		{F78EF664-7B3A-40BC-B9E6-AE6A8CA94B3E}.Release|Any CPU.Build.0 = Release|Any CPU
	EndGlobalSection
EndGlobal
